
Microsoft Visual Studio Solution File, Format Version 12.00
# Visual Studio Version 17
VisualStudioVersion = 17.8.34322.80
MinimumVisualStudioVersion = 10.0.40219.1
Project("{8BC9CEB8-8B4A-11D0-8D11-00A0C91BC942}") = "Project3", "Project3.vcxproj", "{E1477442-E0CE-4BEB-81D7-31D74D8954DD}"
EndProject
Global
	GlobalSection(SolutionConfigurationPlatforms) = preSolution
		Debug|x64 = Debug|x64
		Debug|x86 = Debug|x86
		Release|x64 = Release|x64
		Release|x86 = Release|x86
	EndGlobalSection
	GlobalSection(ProjectConfigurationPlatforms) = postSolution
		{E1477442-E0CE-4BEB-81D7-31D74D8954DD}.Debug|x64.ActiveCfg = Debug|x64
		{E1477442-E0CE-4BEB-81D7-31D74D8954DD}.Debug|x64.Build.0 = Debug|x64
		{E1477442-E0CE-4BEB-81D7-31D74D8954DD}.Debug|x86.ActiveCfg = Debug|Win32
		{E1477442-E0CE-4BEB-81D7-31D74D8954DD}.Debug|x86.Build.0 = Debug|Win32
		{E1477442-E0CE-4BEB-81D7-31D74D8954DD}.Release|x64.ActiveCfg = Release|x64
		{E1477442-E0CE-4BEB-81D7-31D74D8954DD}.Release|x64.Build.0 = Release|x64
		{E1477442-E0CE-4BEB-81D7-31D74D8954DD}.Release|x86.ActiveCfg = Release|Win32
		{E1477442-E0CE-4BEB-81D7-31D74D8954DD}.Release|x86.Build.0 = Release|Win32
	EndGlobalSection
	GlobalSection(SolutionProperties) = preSolution
		HideSolutionNode = FALSE
	EndGlobalSection
	GlobalSection(ExtensibilityGlobals) = postSolution
		SolutionGuid = {F39E4B3B-D29C-43E0-8461-7FCF30DD6633}
	EndGlobalSection
EndGlobal
